
Microsoft Visual Studio Solution File, Format Version 12.00
# Visual Studio Version 16
VisualStudioVersion = 16.0.30717.126
MinimumVisualStudioVersion = 10.0.40219.1
Project("{FAE04EC0-301F-11D3-BF4B-00C04F79EFBC}") = "Flashcards", "Flashcards\Flashcards.csproj", "{F5A48431-25FB-48FD-8734-6D481C9A981D}"
EndProject
Project("{FAE04EC0-301F-11D3-BF4B-00C04F79EFBC}") = "Kanji.Tests", "Kanji.Tests\Kanji.Tests.csproj", "{A2C329E8-9168-4AC0-BD14-4E9AE9DA5092}"
EndProject
Global
	GlobalSection(SolutionConfigurationPlatforms) = preSolution
		Debug|Any CPU = Debug|Any CPU
		Release|Any CPU = Release|Any CPU
	EndGlobalSection
	GlobalSection(ProjectConfigurationPlatforms) = postSolution
		{F5A48431-25FB-48FD-8734-6D481C9A981D}.Debug|Any CPU.ActiveCfg = Debug|Any CPU
		{F5A48431-25FB-48FD-8734-6D481C9A981D}.Debug|Any CPU.Build.0 = Debug|Any CPU
		{F5A48431-25FB-48FD-8734-6D481C9A981D}.Release|Any CPU.ActiveCfg = Release|Any CPU
		{F5A48431-25FB-48FD-8734-6D481C9A981D}.Release|Any CPU.Build.0 = Release|Any CPU
		{A2C329E8-9168-4AC0-BD14-4E9AE9DA5092}.Debug|Any CPU.ActiveCfg = Debug|Any CPU
		{A2C329E8-9168-4AC0-BD14-4E9AE9DA5092}.Debug|Any CPU.Build.0 = Debug|Any CPU
		{A2C329E8-9168-4AC0-BD14-4E9AE9DA5092}.Release|Any CPU.ActiveCfg = Release|Any CPU
		{A2C329E8-9168-4AC0-BD14-4E9AE9DA5092}.Release|Any CPU.Build.0 = Release|Any CPU
	EndGlobalSection
	GlobalSection(SolutionProperties) = preSolution
		HideSolutionNode = FALSE
	EndGlobalSection
	GlobalSection(ExtensibilityGlobals) = postSolution
		SolutionGuid = {35BC439B-760E-4509-B584-E01624354159}
	EndGlobalSection
EndGlobal
